{
  "name": "reflect-types-examples",
  "lockfileVersion": 3,
  "requires": true,
  "packages": {
    "": {
      "name": "reflect-types-examples",
      "dependencies": {
        "reflect-types": "file:.."
      }
    },
    "..": {
      "version": "2.4.1",
      "license": "MIT",
      "devDependencies": {
        "@ava/typescript": "^6.0.0",
        "@types/node": "^25.5.0",
        "ava": "^7.0.0",
        "marked": "^17.0.4",
        "typescript": "^5.9.3"
      }
    },
    "node_modules/reflect-types": {
      "resolved": "..",
      "link": true
    }
  }
}
